# THIS IS AN AUTOGENERATED FILE. DO NOT EDIT THIS FILE DIRECTLY.
# yarn lockfile v1


"@opengsn/contracts@^3.0.0-beta.6":
  version "3.0.0-beta.6"
  resolved "https://registry.yarnpkg.com/@opengsn/contracts/-/contracts-3.0.0-beta.6.tgz#3455b7c249922a087422721689239a7d539d1138"
  integrity sha512-zqd7BG339Uq5bfx40CwKXr2waaJqLN9qBVllcWhKBGnkZPKR59wVIPh2zTNzvLorndMRWB3TnOQxAr6tZKjwGQ==
  dependencies:
    "@openzeppelin/contracts" "^4.2.0"

"@openzeppelin/contracts@^4.2.0":
  version "4.9.3"
  resolved "https://registry.yarnpkg.com/@openzeppelin/contracts/-/contracts-4.9.3.tgz#00d7a8cf35a475b160b3f0293a6403c511099364"
  integrity sha512-He3LieZ1pP2TNt5JbkPA4PNT9WC3gOTOlDcFGJW4Le4QKqwmiNJCRt44APfxMxvq7OugU/cqYuPcSBzOw38DAg==
